
Microsoft Visual Studio Solution File, Format Version 12.00
# Visual Studio Version 16
VisualStudioVersion = 16.0.30413.136
MinimumVisualStudioVersion = 10.0.40219.1
Project("{FAE04EC0-301F-11D3-BF4B-00C04F79EFBC}") = "Domain", "Domain\Domain.csproj", "{104ED6B4-0AFE-42D8-9B56-41024D5582EA}"
EndProject
Project("{FAE04EC0-301F-11D3-BF4B-00C04F79EFBC}") = "Application", "Application\Application.csproj", "{1D0388DF-4EBC-4E03-BBBF-CEC04D40E36D}"
EndProject
Project("{FAE04EC0-301F-11D3-BF4B-00C04F79EFBC}") = "Implementation", "Implementation\Implementation.csproj", "{A1A686DA-57DD-49F1-B111-627FE547C63A}"
EndProject
Project("{FAE04EC0-301F-11D3-BF4B-00C04F79EFBC}") = "DataAccess", "DataAccess\DataAccess.csproj", "{44A8F2E7-30F1-4877-B5B2-BF66AC21E48E}"
EndProject
Project("{FAE04EC0-301F-11D3-BF4B-00C04F79EFBC}") = "ProjekatASP", "ProjekatASP\ProjekatASP.csproj", "{08AC675C-D1DE-4B04-82BE-0C334E493A80}"
EndProject
Global
	GlobalSection(SolutionConfigurationPlatforms) = preSolution
		Debug|Any CPU = Debug|Any CPU
		Release|Any CPU = Release|Any CPU
	EndGlobalSection
	GlobalSection(ProjectConfigurationPlatforms) = postSolution
		{104ED6B4-0AFE-42D8-9B56-41024D5582EA}.Debug|Any CPU.ActiveCfg = Debug|Any CPU
		{104ED6B4-0AFE-42D8-9B56-41024D5582EA}.Debug|Any CPU.Build.0 = Debug|Any CPU
		{104ED6B4-0AFE-42D8-9B56-41024D5582EA}.Release|Any CPU.ActiveCfg = Release|Any CPU
		{104ED6B4-0AFE-42D8-9B56-41024D5582EA}.Release|Any CPU.Build.0 = Release|Any CPU
		{1D0388DF-4EBC-4E03-BBBF-CEC04D40E36D}.Debug|Any CPU.ActiveCfg = Debug|Any CPU
		{1D0388DF-4EBC-4E03-BBBF-CEC04D40E36D}.Debug|Any CPU.Build.0 = Debug|Any CPU
		{1D0388DF-4EBC-4E03-BBBF-CEC04D40E36D}.Release|Any CPU.ActiveCfg = Release|Any CPU
		{1D0388DF-4EBC-4E03-BBBF-CEC04D40E36D}.Release|Any CPU.Build.0 = Release|Any CPU
		{A1A686DA-57DD-49F1-B111-627FE547C63A}.Debug|Any CPU.ActiveCfg = Debug|Any CPU
		{A1A686DA-57DD-49F1-B111-627FE547C63A}.Debug|Any CPU.Build.0 = Debug|Any CPU
		{A1A686DA-57DD-49F1-B111-627FE547C63A}.Release|Any CPU.ActiveCfg = Release|Any CPU
		{A1A686DA-57DD-49F1-B111-627FE547C63A}.Release|Any CPU.Build.0 = Release|Any CPU
		{44A8F2E7-30F1-4877-B5B2-BF66AC21E48E}.Debug|Any CPU.ActiveCfg = Debug|Any CPU
		{44A8F2E7-30F1-4877-B5B2-BF66AC21E48E}.Debug|Any CPU.Build.0 = Debug|Any CPU
		{44A8F2E7-30F1-4877-B5B2-BF66AC21E48E}.Release|Any CPU.ActiveCfg = Release|Any CPU
		{44A8F2E7-30F1-4877-B5B2-BF66AC21E48E}.Release|Any CPU.Build.0 = Release|Any CPU
		{08AC675C-D1DE-4B04-82BE-0C334E493A80}.Debug|Any CPU.ActiveCfg = Debug|Any CPU
		{08AC675C-D1DE-4B04-82BE-0C334E493A80}.Debug|Any CPU.Build.0 = Debug|Any CPU
		{08AC675C-D1DE-4B04-82BE-0C334E493A80}.Release|Any CPU.ActiveCfg = Release|Any CPU
		{08AC675C-D1DE-4B04-82BE-0C334E493A80}.Release|Any CPU.Build.0 = Release|Any CPU
	EndGlobalSection
	GlobalSection(SolutionProperties) = preSolution
		HideSolutionNode = FALSE
	EndGlobalSection
	GlobalSection(ExtensibilityGlobals) = postSolution
		SolutionGuid = {128F6C65-4BD1-4D86-9D51-00722DE65EF8}
	EndGlobalSection
EndGlobal
